
Microsoft Visual Studio Solution File, Format Version 12.00
# Visual Studio Version 17
VisualStudioVersion = 17.5.002.0
MinimumVisualStudioVersion = 10.0.40219.1
Project("{9A19103F-16F7-4668-BE54-9A1E7A4F7556}") = "Keepr", "server\Keepr.csproj", "{D7F56C00-39AA-4849-BEB8-BCF67514BCFB}"
EndProject
Global
	GlobalSection(SolutionConfigurationPlatforms) = preSolution
		Debug|Any CPU = Debug|Any CPU
		Release|Any CPU = Release|Any CPU
	EndGlobalSection
	GlobalSection(ProjectConfigurationPlatforms) = postSolution
		{D7F56C00-39AA-4849-BEB8-BCF67514BCFB}.Debug|Any CPU.ActiveCfg = Debug|Any CPU
		{D7F56C00-39AA-4849-BEB8-BCF67514BCFB}.Debug|Any CPU.Build.0 = Debug|Any CPU
		{D7F56C00-39AA-4849-BEB8-BCF67514BCFB}.Release|Any CPU.ActiveCfg = Release|Any CPU
		{D7F56C00-39AA-4849-BEB8-BCF67514BCFB}.Release|Any CPU.Build.0 = Release|Any CPU
	EndGlobalSection
	GlobalSection(SolutionProperties) = preSolution
		HideSolutionNode = FALSE
	EndGlobalSection
	GlobalSection(ExtensibilityGlobals) = postSolution
		SolutionGuid = {D0ED3062-942D-403A-B552-201003598951}
	EndGlobalSection
EndGlobal
